
Microsoft Visual Studio Solution File, Format Version 12.00
# Visual Studio Version 17
VisualStudioVersion = 17.11.35312.102
MinimumVisualStudioVersion = 10.0.40219.1
Project("{FAE04EC0-301F-11D3-BF4B-00C04F79EFBC}") = "EmployeeManagementSystem", "EmployeeManagementSystem\EmployeeManagementSystem.csproj", "{F9F9D4C0-68D6-4861-A3A2-77CEFDB50ED1}"
EndProject
Global
	GlobalSection(SolutionConfigurationPlatforms) = preSolution
		Debug|Any CPU = Debug|Any CPU
		Release|Any CPU = Release|Any CPU
	EndGlobalSection
	GlobalSection(ProjectConfigurationPlatforms) = postSolution
		{F9F9D4C0-68D6-4861-A3A2-77CEFDB50ED1}.Debug|Any CPU.ActiveCfg = Debug|Any CPU
		{F9F9D4C0-68D6-4861-A3A2-77CEFDB50ED1}.Debug|Any CPU.Build.0 = Debug|Any CPU
		{F9F9D4C0-68D6-4861-A3A2-77CEFDB50ED1}.Release|Any CPU.ActiveCfg = Release|Any CPU
		{F9F9D4C0-68D6-4861-A3A2-77CEFDB50ED1}.Release|Any CPU.Build.0 = Release|Any CPU
	EndGlobalSection
	GlobalSection(SolutionProperties) = preSolution
		HideSolutionNode = FALSE
	EndGlobalSection
	GlobalSection(ExtensibilityGlobals) = postSolution
		SolutionGuid = {8654FCE5-8331-4539-8263-B6AC890E19B3}
	EndGlobalSection
EndGlobal
